// !$*UTF8*$!
{
	archiveVersion = 1;
	classes = {
	};
	objectVersion = 56;
	objects = {

/* Begin PBXBuildFile section */
		8A120F7D2ABC731E00008D2E /* no-photo.png in Resources */ = {isa = PBXBuildFile; fileRef = 8A120F7C2ABC731E00008D2E /* no-photo.png */; };
		8A5CC3C62AB9453800F1FA31 /* CollectionViewCell.swift in Sources */ = {isa = PBXBuildFile; fileRef = 8A5CC3C52AB9453800F1FA31 /* CollectionViewCell.swift */; };
		8A5CC3C82AB9567700F1FA31 /* TableCell.swift in Sources */ = {isa = PBXBuildFile; fileRef = 8A5CC3C72AB9567700F1FA31 /* TableCell.swift */; };
		8A9A179A2ABDD777002EFEE3 /* File.swift in Sources */ = {isa = PBXBuildFile; fileRef = 8A9A17992ABDD777002EFEE3 /* File.swift */; };
		8A9A3D512AB222C00002942B /* AppDelegate.swift in Sources */ = {isa = PBXBuildFile; fileRef = 8A9A3D502AB222C00002942B /* AppDelegate.swift */; };
		8A9A3D532AB222C00002942B /* SceneDelegate.swift in Sources */ = {isa = PBXBuildFile; fileRef = 8A9A3D522AB222C00002942B /* SceneDelegate.swift */; };
		8A9A3D552AB222C00002942B /* ViewController.swift in Sources */ = {isa = PBXBuildFile; fileRef = 8A9A3D542AB222C00002942B /* ViewController.swift */; };
		8A9A3D582AB222C00002942B /* Main.storyboard in Resources */ = {isa = PBXBuildFile; fileRef = 8A9A3D562AB222C00002942B /* Main.storyboard */; };
		8A9A3D5B2AB222C00002942B /* NewsApp.xcdatamodeld in Sources */ = {isa = PBXBuildFile; fileRef = 8A9A3D592AB222C00002942B /* NewsApp.xcdatamodeld */; };
		8A9A3D5D2AB222C10002942B /* Assets.xcassets in Resources */ = {isa = PBXBuildFile; fileRef = 8A9A3D5C2AB222C10002942B /* Assets.xcassets */; };
		8A9A3D602AB222C10002942B /* LaunchScreen.storyboard in Resources */ = {isa = PBXBuildFile; fileRef = 8A9A3D5E2AB222C10002942B /* LaunchScreen.storyboard */; };
		8A9E2E1C2AB4BC5D0087034A /* MainViewController.swift in Sources */ = {isa = PBXBuildFile; fileRef = 8A9E2E1B2AB4BC5D0087034A /* MainViewController.swift */; };
		8A9E2E1E2AB4C4B30087034A /* HomeViewController.swift in Sources */ = {isa = PBXBuildFile; fileRef = 8A9E2E1D2AB4C4B30087034A /* HomeViewController.swift */; };
/* End PBXBuildFile section */

/* Begin PBXFileReference section */
		8A120F7C2ABC731E00008D2E /* no-photo.png */ = {isa = PBXFileReference; lastKnownFileType = image.png; path = "no-photo.png"; sourceTree = "<group>"; };
		8A5CC3C52AB9453800F1FA31 /* CollectionViewCell.swift */ = {isa = PBXFileReference; lastKnownFileType = sourcecode.swift; path = CollectionViewCell.swift; sourceTree = "<group>"; };
		8A5CC3C72AB9567700F1FA31 /* TableCell.swift */ = {isa = PBXFileReference; lastKnownFileType = sourcecode.swift; path = TableCell.swift; sourceTree = "<group>"; };
		8A9A17992ABDD777002EFEE3 /* File.swift */ = {isa = PBXFileReference; lastKnownFileType = sourcecode.swift; path = File.swift; sourceTree = "<group>"; };
		8A9A3D4D2AB222C00002942B /* NewsApp.app */ = {isa = PBXFileReference; explicitFileType = wrapper.application; includeInIndex = 0; path = NewsApp.app; sourceTree = BUILT_PRODUCTS_DIR; };
		8A9A3D502AB222C00002942B /* AppDelegate.swift */ = {isa = PBXFileReference; lastKnownFileType = sourcecode.swift; path = AppDelegate.swift; sourceTree = "<group>"; };
		8A9A3D522AB222C00002942B /* SceneDelegate.swift */ = {isa = PBXFileReference; lastKnownFileType = sourcecode.swift; path = SceneDelegate.swift; sourceTree = "<group>"; };
		8A9A3D542AB222C00002942B /* ViewController.swift */ = {isa = PBXFileReference; lastKnownFileType = sourcecode.swift; path = ViewController.swift; sourceTree = "<group>"; };
		8A9A3D572AB222C00002942B /* Base */ = {isa = PBXFileReference; lastKnownFileType = file.storyboard; name = Base; path = Base.lproj/Main.storyboard; sourceTree = "<group>"; };
		8A9A3D5A2AB222C00002942B /* NewsApp.xcdatamodel */ = {isa = PBXFileReference; lastKnownFileType = wrapper.xcdatamodel; path = NewsApp.xcdatamodel; sourceTree = "<group>"; };
		8A9A3D5C2AB222C10002942B /* Assets.xcassets */ = {isa = PBXFileReference; lastKnownFileType = folder.assetcatalog; path = Assets.xcassets; sourceTree = "<group>"; };
		8A9A3D5F2AB222C10002942B /* Base */ = {isa = PBXFileReference; lastKnownFileType = file.storyboard; name = Base; path = Base.lproj/LaunchScreen.storyboard; sourceTree = "<group>"; };
		8A9A3D612AB222C10002942B /* Info.plist */ = {isa = PBXFileReference; lastKnownFileType = text.plist.xml; path = Info.plist; sourceTree = "<group>"; };
		8A9E2E1B2AB4BC5D0087034A /* MainViewController.swift */ = {isa = PBXFileReference; lastKnownFileType = sourcecode.swift; path = MainViewController.swift; sourceTree = "<group>"; };
		8A9E2E1D2AB4C4B30087034A /* HomeViewController.swift */ = {isa = PBXFileReference; lastKnownFileType = sourcecode.swift; path = HomeViewController.swift; sourceTree = "<group>"; };
/* End PBXFileReference section */

/* Begin PBXFrameworksBuildPhase section */
		8A9A3D4A2AB222C00002942B /* Frameworks */ = {
			isa = PBXFrameworksBuildPhase;
			buildActionMask = 2147483647;
			files = (
			);
			runOnlyForDeploymentPostprocessing = 0;
		};
/* End PBXFrameworksBuildPhase section */

/* Begin PBXGroup section */
		8A9A3D442AB222C00002942B = {
			isa = PBXGroup;
			children = (
				8A9A3D4F2AB222C00002942B /* NewsApp */,
				8A9A3D4E2AB222C00002942B /* Products */,
			);
			sourceTree = "<group>";
		};
		8A9A3D4E2AB222C00002942B /* Products */ = {
			isa = PBXGroup;
			children = (
				8A9A3D4D2AB222C00002942B /* NewsApp.app */,
			);
			name = Products;
			sourceTree = "<group>";
		};
		8A9A3D4F2AB222C00002942B /* NewsApp */ = {
			isa = PBXGroup;
			children = (
				8A9A3D502AB222C00002942B /* AppDelegate.swift */,
				8A9A3D522AB222C00002942B /* SceneDelegate.swift */,
				8A9A3D542AB222C00002942B /* ViewController.swift */,
				8A9A3D562AB222C00002942B /* Main.storyboard */,
				8A9A3D5C2AB222C10002942B /* Assets.xcassets */,
				8A9A3D5E2AB222C10002942B /* LaunchScreen.storyboard */,
				8A9A3D612AB222C10002942B /* Info.plist */,
				8A9A3D592AB222C00002942B /* NewsApp.xcdatamodeld */,
				8A9E2E1D2AB4C4B30087034A /* HomeViewController.swift */,
				8A9E2E1B2AB4BC5D0087034A /* MainViewController.swift */,
				8A5CC3C52AB9453800F1FA31 /* CollectionViewCell.swift */,
				8A5CC3C72AB9567700F1FA31 /* TableCell.swift */,
				8A120F7C2ABC731E00008D2E /* no-photo.png */,
				8A9A17992ABDD777002EFEE3 /* File.swift */,
			);
			path = NewsApp;
			sourceTree = "<group>";
		};
/* End PBXGroup section */

/* Begin PBXNativeTarget section */
		8A9A3D4C2AB222C00002942B /* NewsApp */ = {
			isa = PBXNativeTarget;
			buildConfigurationList = 8A9A3D642AB222C10002942B /* Build configuration list for PBXNativeTarget "NewsApp" */;
			buildPhases = (
				8A9A3D492AB222C00002942B /* Sources */,
				8A9A3D4A2AB222C00002942B /* Frameworks */,
				8A9A3D4B2AB222C00002942B /* Resources */,
			);
			buildRules = (
			);
			dependencies = (
			);
			name = NewsApp;
			productName = NewsApp;
			productReference = 8A9A3D4D2AB222C00002942B /* NewsApp.app */;
			productType = "com.apple.product-type.application";
		};
/* End PBXNativeTarget section */

/* Begin PBXProject section */
		8A9A3D452AB222C00002942B /* Project object */ = {
			isa = PBXProject;
			attributes = {
				BuildIndependentTargetsInParallel = 1;
				LastSwiftUpdateCheck = 1430;
				LastUpgradeCheck = 1430;
				TargetAttributes = {
					8A9A3D4C2AB222C00002942B = {
						CreatedOnToolsVersion = 14.3.1;
					};
				};
			};
			buildConfigurationList = 8A9A3D482AB222C00002942B /* Build configuration list for PBXProject "NewsApp" */;
			compatibilityVersion = "Xcode 14.0";
			developmentRegion = en;
			hasScannedForEncodings = 0;
			knownRegions = (
				en,
				Base,
			);
			mainGroup = 8A9A3D442AB222C00002942B;
			productRefGroup = 8A9A3D4E2AB222C00002942B /* Products */;
			projectDirPath = "";
			projectRoot = "";
			targets = (
				8A9A3D4C2AB222C00002942B /* NewsApp */,
			);
		};
/* End PBXProject section */

/* Begin PBXResourcesBuildPhase section */
		8A9A3D4B2AB222C00002942B /* Resources */ = {
			isa = PBXResourcesBuildPhase;
			buildActionMask = 2147483647;
			files = (
				8A9A3D602AB222C10002942B /* LaunchScreen.storyboard in Resources */,
				8A9A3D5D2AB222C10002942B /* Assets.xcassets in Resources */,
				8A9A3D582AB222C00002942B /* Main.storyboard in Resources */,
				8A120F7D2ABC731E00008D2E /* no-photo.png in Resources */,
			);
			runOnlyForDeploymentPostprocessing = 0;
		};
/* End PBXResourcesBuildPhase section */

/* Begin PBXSourcesBuildPhase section */
		8A9A3D492AB222C00002942B /* Sources */ = {
			isa = PBXSourcesBuildPhase;
			buildActionMask = 2147483647;
			files = (
				8A9A3D552AB222C00002942B /* ViewController.swift in Sources */,
				8A9A3D512AB222C00002942B /* AppDelegate.swift in Sources */,
				8A5CC3C82AB9567700F1FA31 /* TableCell.swift in Sources */,
				8A9E2E1C2AB4BC5D0087034A /* MainViewController.swift in Sources */,
				8A5CC3C62AB9453800F1FA31 /* CollectionViewCell.swift in Sources */,
				8A9A3D5B2AB222C00002942B /* NewsApp.xcdatamodeld in Sources */,
				8A9A3D532AB222C00002942B /* SceneDelegate.swift in Sources */,
				8A9A179A2ABDD777002EFEE3 /* File.swift in Sources */,
				8A9E2E1E2AB4C4B30087034A /* HomeViewController.swift in Sources */,
			);
			runOnlyForDeploymentPostprocessing = 0;
		};
/* End PBXSourcesBuildPhase section */

/* Begin PBXVariantGroup section */
		8A9A3D562AB222C00002942B /* Main.storyboard */ = {
			isa = PBXVariantGroup;
			children = (
				8A9A3D572AB222C00002942B /* Base */,
			);
			name = Main.storyboard;
			sourceTree = "<group>";
		};
		8A9A3D5E2AB222C10002942B /* LaunchScreen.storyboard */ = {
			isa = PBXVariantGroup;
			children = (
				8A9A3D5F2AB222C10002942B /* Base */,
			);
			name = LaunchScreen.storyboard;
			sourceTree = "<group>";
		};
/* End PBXVariantGroup section */

/* Begin XCBuildConfiguration section */
		8A9A3D622AB222C10002942B /* Debug */ = {
			isa = XCBuildConfiguration;
			buildSettings = {
				ALWAYS_SEARCH_USER_PATHS = NO;
				CLANG_ANALYZER_NONNULL = YES;
				CLANG_ANALYZER_NUMBER_OBJECT_CONVERSION = YES_AGGRESSIVE;
				CLANG_CXX_LANGUAGE_STANDARD = "gnu++20";
				CLANG_ENABLE_MODULES = YES;
				CLANG_ENABLE_OBJC_ARC = YES;
				CLANG_ENABLE_OBJC_WEAK = YES;
				CLANG_WARN_BLOCK_CAPTURE_AUTORELEASING = YES;
				CLANG_WARN_BOOL_CONVERSION = YES;
				CLANG_WARN_COMMA = YES;
				CLANG_WARN_CONSTANT_CONVERSION = YES;
				CLANG_WARN_DEPRECATED_OBJC_IMPLEMENTATIONS = YES;
				CLANG_WARN_DIRECT_OBJC_ISA_USAGE = YES_ERROR;
				CLANG_WARN_DOCUMENTATION_COMMENTS = YES;
				CLANG_WARN_EMPTY_BODY = YES;
				CLANG_WARN_ENUM_CONVERSION = YES;
				CLANG_WARN_INFINITE_RECURSION = YES;
				CLANG_WARN_INT_CONVERSION = YES;
				CLANG_WARN_NON_LITERAL_NULL_CONVERSION = YES;
				CLANG_WARN_OBJC_IMPLICIT_RETAIN_SELF = YES;
				CLANG_WARN_OBJC_LITERAL_CONVERSION = YES;
				CLANG_WARN_OBJC_ROOT_CLASS = YES_ERROR;
				CLANG_WARN_QUOTED_INCLUDE_IN_FRAMEWORK_HEADER = YES;
				CLANG_WARN_RANGE_LOOP_ANALYSIS = YES;
				CLANG_WARN_STRICT_PROTOTYPES = YES;
				CLANG_WARN_SUSPICIOUS_MOVE = YES;
				CLANG_WARN_UNGUARDED_AVAILABILITY = YES_AGGRESSIVE;
				CLANG_WARN_UNREACHABLE_CODE = YES;
				CLANG_WARN__DUPLICATE_METHOD_MATCH = YES;
				COPY_PHASE_STRIP = NO;
				DEBUG_INFORMATION_FORMAT = dwarf;
				ENABLE_STRICT_OBJC_MSGSEND = YES;
				ENABLE_TESTABILITY = YES;
				GCC_C_LANGUAGE_STANDARD = gnu11;
				GCC_DYNAMIC_NO_PIC = NO;
				GCC_NO_COMMON_BLOCKS = YES;
				GCC_OPTIMIZATION_LEVEL = 0;
				GCC_PREPROCESSOR_DEFINITIONS = (
					"DEBUG=1",
					"$(inherited)",
				);
				GCC_WARN_64_TO_32_BIT_CONVERSION = YES;
				GCC_WARN_ABOUT_RETURN_TYPE = YES_ERROR;
				GCC_WARN_UNDECLARED_SELECTOR = YES;
				GCC_WARN_UNINITIALIZED_AUTOS = YES_AGGRESSIVE;
				GCC_WARN_UNUSED_FUNCTION = YES;
				GCC_WARN_UNUSED_VARIABLE = YES;
				IPHONEOS_DEPLOYMENT_TARGET = 16.4;
				MTL_ENABLE_DEBUG_INFO = INCLUDE_SOURCE;
				MTL_FAST_MATH = YES;
				ONLY_ACTIVE_ARCH = YES;
				SDKROOT = iphoneos;
				SWIFT_ACTIVE_COMPILATION_CONDITIONS = DEBUG;
				SWIFT_OPTIMIZATION_LEVEL = "-Onone";
			};
			name = Debug;
		};
		8A9A3D632AB222C10002942B /* Release */ = {
			isa = XCBuildConfiguration;
			buildSettings = {
				ALWAYS_SEARCH_USER_PATHS = NO;
				CLANG_ANALYZER_NONNULL = YES;
				CLANG_ANALYZER_NUMBER_OBJECT_CONVERSION = YES_AGGRESSIVE;
				CLANG_CXX_LANGUAGE_STANDARD = "gnu++20";
				CLANG_ENABLE_MODULES = YES;
				CLANG_ENABLE_OBJC_ARC = YES;
				CLANG_ENABLE_OBJC_WEAK = YES;
				CLANG_WARN_BLOCK_CAPTURE_AUTORELEASING = YES;
				CLANG_WARN_BOOL_CONVERSION = YES;
				CLANG_WARN_COMMA = YES;
				CLANG_WARN_CONSTANT_CONVERSION = YES;
				CLANG_WARN_DEPRECATED_OBJC_IMPLEMENTATIONS = YES;
				CLANG_WARN_DIRECT_OBJC_ISA_USAGE = YES_ERROR;
				CLANG_WARN_DOCUMENTATION_COMMENTS = YES;
				CLANG_WARN_EMPTY_BODY = YES;
				CLANG_WARN_ENUM_CONVERSION = YES;
				CLANG_WARN_INFINITE_RECURSION = YES;
				CLANG_WARN_INT_CONVERSION = YES;
				CLANG_WARN_NON_LITERAL_NULL_CONVERSION = YES;
				CLANG_WARN_OBJC_IMPLICIT_RETAIN_SELF = YES;
				CLANG_WARN_OBJC_LITERAL_CONVERSION = YES;
				CLANG_WARN_OBJC_ROOT_CLASS = YES_ERROR;
				CLANG_WARN_QUOTED_INCLUDE_IN_FRAMEWORK_HEADER = YES;
				CLANG_WARN_RANGE_LOOP_ANALYSIS = YES;
				CLANG_WARN_STRICT_PROTOTYPES = YES;
				CLANG_WARN_SUSPICIOUS_MOVE = YES;
				CLANG_WARN_UNGUARDED_AVAILABILITY = YES_AGGRESSIVE;
				CLANG_WARN_UNREACHABLE_CODE = YES;
				CLANG_WARN__DUPLICATE_METHOD_MATCH = YES;
				COPY_PHASE_STRIP = NO;
				DEBUG_INFORMATION_FORMAT = "dwarf-with-dsym";
				ENABLE_NS_ASSERTIONS = NO;
				ENABLE_STRICT_OBJC_MSGSEND = YES;
				GCC_C_LANGUAGE_STANDARD = gnu11;
				GCC_NO_COMMON_BLOCKS = YES;
				GCC_WARN_64_TO_32_BIT_CONVERSION = YES;
				GCC_WARN_ABOUT_RETURN_TYPE = YES_ERROR;
				GCC_WARN_UNDECLARED_SELECTOR = YES;
				GCC_WARN_UNINITIALIZED_AUTOS = YES_AGGRESSIVE;
				GCC_WARN_UNUSED_FUNCTION = YES;
				GCC_WARN_UNUSED_VARIABLE = YES;
				IPHONEOS_DEPLOYMENT_TARGET = 16.4;
				MTL_ENABLE_DEBUG_INFO = NO;
				MTL_FAST_MATH = YES;
				SDKROOT = iphoneos;
				SWIFT_COMPILATION_MODE = wholemodule;
				SWIFT_OPTIMIZATION_LEVEL = "-O";
				VALIDATE_PRODUCT = YES;
			};
			name = Release;
		};
		8A9A3D652AB222C10002942B /* Debug */ = {
			isa = XCBuildConfiguration;
			buildSettings = {
				ASSETCATALOG_COMPILER_APPICON_NAME = AppIcon;
				ASSETCATALOG_COMPILER_GLOBAL_ACCENT_COLOR_NAME = AccentColor;
				CODE_SIGN_STYLE = Automatic;
				CURRENT_PROJECT_VERSION = 1;
				DEVELOPMENT_TEAM = CSGB2YTDTK;
				GENERATE_INFOPLIST_FILE = YES;
				INFOPLIST_FILE = NewsApp/Info.plist;
				INFOPLIST_KEY_UIApplicationSupportsIndirectInputEvents = YES;
				INFOPLIST_KEY_UILaunchStoryboardName = LaunchScreen;
				INFOPLIST_KEY_UIMainStoryboardFile = Main;
				INFOPLIST_KEY_UISupportedInterfaceOrientations_iPad = "UIInterfaceOrientationPortrait UIInterfaceOrientationPortraitUpsideDown UIInterfaceOrientationLandscapeLeft UIInterfaceOrientationLandscapeRight";
				INFOPLIST_KEY_UISupportedInterfaceOrientations_iPhone = "UIInterfaceOrientationPortrait UIInterfaceOrientationLandscapeLeft UIInterfaceOrientationLandscapeRight";
				LD_RUNPATH_SEARCH_PATHS = (
					"$(inherited)",
					"@executable_path/Frameworks",
				);
				MARKETING_VERSION = 1.0;
				PRODUCT_BUNDLE_IDENTIFIER = com.puthugai.NewsApp;
				PRODUCT_NAME = "$(TARGET_NAME)";
				SWIFT_EMIT_LOC_STRINGS = YES;
				SWIFT_VERSION = 5.0;
				TARGETED_DEVICE_FAMILY = "1,2";
			};
			name = Debug;
		};
		8A9A3D662AB222C10002942B /* Release */ = {
			isa = XCBuildConfiguration;
			buildSettings = {
				ASSETCATALOG_COMPILER_APPICON_NAME = AppIcon;
				ASSETCATALOG_COMPILER_GLOBAL_ACCENT_COLOR_NAME = AccentColor;
				CODE_SIGN_STYLE = Automatic;
				CURRENT_PROJECT_VERSION = 1;
				DEVELOPMENT_TEAM = CSGB2YTDTK;
				GENERATE_INFOPLIST_FILE = YES;
				INFOPLIST_FILE = NewsApp/Info.plist;
				INFOPLIST_KEY_UIApplicationSupportsIndirectInputEvents = YES;
				INFOPLIST_KEY_UILaunchStoryboardName = LaunchScreen;
				INFOPLIST_KEY_UIMainStoryboardFile = Main;
				INFOPLIST_KEY_UISupportedInterfaceOrientations_iPad = "UIInterfaceOrientationPortrait UIInterfaceOrientationPortraitUpsideDown UIInterfaceOrientationLandscapeLeft UIInterfaceOrientationLandscapeRight";
				INFOPLIST_KEY_UISupportedInterfaceOrientations_iPhone = "UIInterfaceOrientationPortrait UIInterfaceOrientationLandscapeLeft UIInterfaceOrientationLandscapeRight";
				LD_RUNPATH_SEARCH_PATHS = (
					"$(inherited)",
					"@executable_path/Frameworks",
				);
				MARKETING_VERSION = 1.0;
				PRODUCT_BUNDLE_IDENTIFIER = com.puthugai.NewsApp;
				PRODUCT_NAME = "$(TARGET_NAME)";
				SWIFT_EMIT_LOC_STRINGS = YES;
				SWIFT_VERSION = 5.0;
				TARGETED_DEVICE_FAMILY = "1,2";
			};
			name = Release;
		};
/* End XCBuildConfiguration section */

/* Begin XCConfigurationList section */
		8A9A3D482AB222C00002942B /* Build configuration list for PBXProject "NewsApp" */ = {
			isa = XCConfigurationList;
			buildConfigurations = (
				8A9A3D622AB222C10002942B /* Debug */,
				8A9A3D632AB222C10002942B /* Release */,
			);
			defaultConfigurationIsVisible = 0;
			defaultConfigurationName = Release;
		};
		8A9A3D642AB222C10002942B /* Build configuration list for PBXNativeTarget "NewsApp" */ = {
			isa = XCConfigurationList;
			buildConfigurations = (
				8A9A3D652AB222C10002942B /* Debug */,
				8A9A3D662AB222C10002942B /* Release */,
			);
			defaultConfigurationIsVisible = 0;
			defaultConfigurationName = Release;
		};
/* End XCConfigurationList section */

/* Begin XCVersionGroup section */
		8A9A3D592AB222C00002942B /* NewsApp.xcdatamodeld */ = {
			isa = XCVersionGroup;
			children = (
				8A9A3D5A2AB222C00002942B /* NewsApp.xcdatamodel */,
			);
			currentVersion = 8A9A3D5A2AB222C00002942B /* NewsApp.xcdatamodel */;
			path = NewsApp.xcdatamodeld;
			sourceTree = "<group>";
			versionGroupType = wrapper.xcdatamodel;
		};
/* End XCVersionGroup section */
	};
	rootObject = 8A9A3D452AB222C00002942B /* Project object */;
}
